
Microsoft Visual Studio Solution File, Format Version 12.00
# Visual Studio Version 17
VisualStudioVersion = 17.5.33414.496
MinimumVisualStudioVersion = 10.0.40219.1
Project("{9A19103F-16F7-4668-BE54-9A1E7A4F7556}") = "TournamentManager", "TournamentManager.csproj", "{335F4FF2-1B45-4D91-941F-773EB42C1808}"
EndProject
Global
	GlobalSection(SolutionConfigurationPlatforms) = preSolution
		Debug|Any CPU = Debug|Any CPU
		Release|Any CPU = Release|Any CPU
	EndGlobalSection
	GlobalSection(ProjectConfigurationPlatforms) = postSolution
		{335F4FF2-1B45-4D91-941F-773EB42C1808}.Debug|Any CPU.ActiveCfg = Debug|Any CPU
		{335F4FF2-1B45-4D91-941F-773EB42C1808}.Debug|Any CPU.Build.0 = Debug|Any CPU
		{335F4FF2-1B45-4D91-941F-773EB42C1808}.Release|Any CPU.ActiveCfg = Release|Any CPU
		{335F4FF2-1B45-4D91-941F-773EB42C1808}.Release|Any CPU.Build.0 = Release|Any CPU
	EndGlobalSection
	GlobalSection(SolutionProperties) = preSolution
		HideSolutionNode = FALSE
	EndGlobalSection
	GlobalSection(ExtensibilityGlobals) = postSolution
		SolutionGuid = {20917FB8-9F82-4154-BFCF-19DDD1521FD8}
	EndGlobalSection
EndGlobal
